
Microsoft Visual Studio Solution File, Format Version 12.00
# Visual Studio Version 16
VisualStudioVersion = 16.0.31424.327
MinimumVisualStudioVersion = 10.0.40219.1
Project("{8BC9CEB8-8B4A-11D0-8D11-00A0C91BC942}") = "OpenCV Test", "OpenCV Test\OpenCV Test.vcxproj", "{F047C7B5-C05F-497F-8211-2D8797694AAF}"
EndProject
Global
	GlobalSection(SolutionConfigurationPlatforms) = preSolution
		Debug|x64 = Debug|x64
		Debug|x86 = Debug|x86
		Release|x64 = Release|x64
		Release|x86 = Release|x86
	EndGlobalSection
	GlobalSection(ProjectConfigurationPlatforms) = postSolution
		{F047C7B5-C05F-497F-8211-2D8797694AAF}.Debug|x64.ActiveCfg = Debug|x64
		{F047C7B5-C05F-497F-8211-2D8797694AAF}.Debug|x64.Build.0 = Debug|x64
		{F047C7B5-C05F-497F-8211-2D8797694AAF}.Debug|x86.ActiveCfg = Debug|Win32
		{F047C7B5-C05F-497F-8211-2D8797694AAF}.Debug|x86.Build.0 = Debug|Win32
		{F047C7B5-C05F-497F-8211-2D8797694AAF}.Release|x64.ActiveCfg = Release|x64
		{F047C7B5-C05F-497F-8211-2D8797694AAF}.Release|x64.Build.0 = Release|x64
		{F047C7B5-C05F-497F-8211-2D8797694AAF}.Release|x86.ActiveCfg = Release|Win32
		{F047C7B5-C05F-497F-8211-2D8797694AAF}.Release|x86.Build.0 = Release|Win32
	EndGlobalSection
	GlobalSection(SolutionProperties) = preSolution
		HideSolutionNode = FALSE
	EndGlobalSection
	GlobalSection(ExtensibilityGlobals) = postSolution
		SolutionGuid = {810FE907-0E34-41C8-A3CF-3F654F358C05}
	EndGlobalSection
EndGlobal
